
Microsoft Visual Studio Solution File, Format Version 12.00
# Visual Studio Version 17
VisualStudioVersion = 17.9.34728.123
MinimumVisualStudioVersion = 10.0.40219.1
Project("{FAE04EC0-301F-11D3-BF4B-00C04F79EFBC}") = "API", "API\API.csproj", "{68CF162B-DC6E-42F7-9205-B2926A4A3B43}"
EndProject
Global
	GlobalSection(SolutionConfigurationPlatforms) = preSolution
		Debug|Any CPU = Debug|Any CPU
		Release|Any CPU = Release|Any CPU
	EndGlobalSection
	GlobalSection(ProjectConfigurationPlatforms) = postSolution
		{68CF162B-DC6E-42F7-9205-B2926A4A3B43}.Debug|Any CPU.ActiveCfg = Debug|Any CPU
		{68CF162B-DC6E-42F7-9205-B2926A4A3B43}.Debug|Any CPU.Build.0 = Debug|Any CPU
		{68CF162B-DC6E-42F7-9205-B2926A4A3B43}.Release|Any CPU.ActiveCfg = Release|Any CPU
		{68CF162B-DC6E-42F7-9205-B2926A4A3B43}.Release|Any CPU.Build.0 = Release|Any CPU
	EndGlobalSection
	GlobalSection(SolutionProperties) = preSolution
		HideSolutionNode = FALSE
	EndGlobalSection
	GlobalSection(ExtensibilityGlobals) = postSolution
		SolutionGuid = {7873A82E-438F-44B6-9C7F-F1C9265C23AB}
	EndGlobalSection
EndGlobal
